{
  "name": "nodejs",
  "lockfileVersion": 3,
  "requires": true,
  "packages": {
    "": {
      "dependencies": {
        "remixicons": "^4.6.1"
      }
    },
    "node_modules/remixicons": {
      "version": "4.6.1",
      "resolved": "https://registry.npmjs.org/remixicons/-/remixicons-4.6.1.tgz",
      "integrity": "sha512-ZAgOUi62SP94NzcgJK60HHCsV4zk7b9l+2Vtcc33InT3XfwyPL6wiLG9FEofSfFdL6T0RoOrnUCUMNllgxrjEA==",
      "license": "MIT"
    }
  }
}
